
Microsoft Visual Studio Solution File, Format Version 12.00
# Visual Studio Version 17
VisualStudioVersion = 17.2.32616.157
MinimumVisualStudioVersion = 10.0.40219.1
Project("{FAE04EC0-301F-11D3-BF4B-00C04F79EFBC}") = "Task3", "Task3\Task3.csproj", "{C31EBBBB-3BAE-44EE-BB1D-C1BB90B3F3F7}"
EndProject
Project("{FAE04EC0-301F-11D3-BF4B-00C04F79EFBC}") = "Task3.2", "Task3.2\Task3.2.csproj", "{3CEDE4D6-7201-411B-BA4A-BEBD17869B37}"
EndProject
Project("{FAE04EC0-301F-11D3-BF4B-00C04F79EFBC}") = "Task3.3", "Task3.3\Task3.3.csproj", "{5278235D-E30D-43A2-A9B6-CA69F51CF53C}"
EndProject
Global
	GlobalSection(SolutionConfigurationPlatforms) = preSolution
		Debug|Any CPU = Debug|Any CPU
		Release|Any CPU = Release|Any CPU
	EndGlobalSection
	GlobalSection(ProjectConfigurationPlatforms) = postSolution
		{C31EBBBB-3BAE-44EE-BB1D-C1BB90B3F3F7}.Debug|Any CPU.ActiveCfg = Debug|Any CPU
		{C31EBBBB-3BAE-44EE-BB1D-C1BB90B3F3F7}.Debug|Any CPU.Build.0 = Debug|Any CPU
		{C31EBBBB-3BAE-44EE-BB1D-C1BB90B3F3F7}.Release|Any CPU.ActiveCfg = Release|Any CPU
		{C31EBBBB-3BAE-44EE-BB1D-C1BB90B3F3F7}.Release|Any CPU.Build.0 = Release|Any CPU
		{3CEDE4D6-7201-411B-BA4A-BEBD17869B37}.Debug|Any CPU.ActiveCfg = Debug|Any CPU
		{3CEDE4D6-7201-411B-BA4A-BEBD17869B37}.Debug|Any CPU.Build.0 = Debug|Any CPU
		{3CEDE4D6-7201-411B-BA4A-BEBD17869B37}.Release|Any CPU.ActiveCfg = Release|Any CPU
		{3CEDE4D6-7201-411B-BA4A-BEBD17869B37}.Release|Any CPU.Build.0 = Release|Any CPU
		{5278235D-E30D-43A2-A9B6-CA69F51CF53C}.Debug|Any CPU.ActiveCfg = Debug|Any CPU
		{5278235D-E30D-43A2-A9B6-CA69F51CF53C}.Debug|Any CPU.Build.0 = Debug|Any CPU
		{5278235D-E30D-43A2-A9B6-CA69F51CF53C}.Release|Any CPU.ActiveCfg = Release|Any CPU
		{5278235D-E30D-43A2-A9B6-CA69F51CF53C}.Release|Any CPU.Build.0 = Release|Any CPU
	EndGlobalSection
	GlobalSection(SolutionProperties) = preSolution
		HideSolutionNode = FALSE
	EndGlobalSection
	GlobalSection(ExtensibilityGlobals) = postSolution
		SolutionGuid = {E68D8029-C1ED-47CB-BF9B-C840206043BF}
	EndGlobalSection
EndGlobal
