
Microsoft Visual Studio Solution File, Format Version 12.00
# Visual Studio Version 17
VisualStudioVersion = 17.2.32616.157
MinimumVisualStudioVersion = 10.0.40219.1
Project("{FAE04EC0-301F-11D3-BF4B-00C04F79EFBC}") = "Task7", "Task7\Task7.csproj", "{A71C4DF7-C502-4B22-94A6-B441A235FE6E}"
EndProject
Global
	GlobalSection(SolutionConfigurationPlatforms) = preSolution
		Debug|Any CPU = Debug|Any CPU
		Release|Any CPU = Release|Any CPU
	EndGlobalSection
	GlobalSection(ProjectConfigurationPlatforms) = postSolution
		{A71C4DF7-C502-4B22-94A6-B441A235FE6E}.Debug|Any CPU.ActiveCfg = Debug|Any CPU
		{A71C4DF7-C502-4B22-94A6-B441A235FE6E}.Debug|Any CPU.Build.0 = Debug|Any CPU
		{A71C4DF7-C502-4B22-94A6-B441A235FE6E}.Release|Any CPU.ActiveCfg = Release|Any CPU
		{A71C4DF7-C502-4B22-94A6-B441A235FE6E}.Release|Any CPU.Build.0 = Release|Any CPU
	EndGlobalSection
	GlobalSection(SolutionProperties) = preSolution
		HideSolutionNode = FALSE
	EndGlobalSection
	GlobalSection(ExtensibilityGlobals) = postSolution
		SolutionGuid = {0DBFEFB8-2FCC-4DBB-A145-55B641ACDD4C}
	EndGlobalSection
EndGlobal
